// !$*UTF8*$!
{
	archiveVersion = 1;
	classes = {
	};
	objectVersion = 50;
	objects = {

/* Begin PBXBuildFile section */
		2BCFBF6824A0C5FF0048A753 /* AppDelegate.swift in Sources */ = {isa = PBXBuildFile; fileRef = 2BCFBF6724A0C5FF0048A753 /* AppDelegate.swift */; };
		2BCFBF6A24A0C5FF0048A753 /* SceneDelegate.swift in Sources */ = {isa = PBXBuildFile; fileRef = 2BCFBF6924A0C5FF0048A753 /* SceneDelegate.swift */; };
		2BCFBF6C24A0C5FF0048A753 /* ViewController.swift in Sources */ = {isa = PBXBuildFile; fileRef = 2BCFBF6B24A0C5FF0048A753 /* ViewController.swift */; };
		2BCFBF6F24A0C5FF0048A753 /* Main.storyboard in Resources */ = {isa = PBXBuildFile; fileRef = 2BCFBF6D24A0C5FF0048A753 /* Main.storyboard */; };
		2BCFBF7124A0C5FF0048A753 /* Assets.xcassets in Resources */ = {isa = PBXBuildFile; fileRef = 2BCFBF7024A0C5FF0048A753 /* Assets.xcassets */; };
		2BCFBF7424A0C5FF0048A753 /* LaunchScreen.storyboard in Resources */ = {isa = PBXBuildFile; fileRef = 2BCFBF7224A0C5FF0048A753 /* LaunchScreen.storyboard */; };
		2BCFBF7F24A0C5FF0048A753 /* beginner_ios_swift_storyboardTests.swift in Sources */ = {isa = PBXBuildFile; fileRef = 2BCFBF7E24A0C5FF0048A753 /* beginner_ios_swift_storyboardTests.swift */; };
		2BCFBF8A24A0C5FF0048A753 /* beginner_ios_swift_storyboardUITests.swift in Sources */ = {isa = PBXBuildFile; fileRef = 2BCFBF8924A0C5FF0048A753 /* beginner_ios_swift_storyboardUITests.swift */; };
/* End PBXBuildFile section */

/* Begin PBXContainerItemProxy section */
		2BCFBF7B24A0C5FF0048A753 /* PBXContainerItemProxy */ = {
			isa = PBXContainerItemProxy;
			containerPortal = 2BCFBF5C24A0C5FF0048A753 /* Project object */;
			proxyType = 1;
			remoteGlobalIDString = 2BCFBF6324A0C5FF0048A753;
			remoteInfo = "beginner-ios-swift-storyboard";
		};
		2BCFBF8624A0C5FF0048A753 /* PBXContainerItemProxy */ = {
			isa = PBXContainerItemProxy;
			containerPortal = 2BCFBF5C24A0C5FF0048A753 /* Project object */;
			proxyType = 1;
			remoteGlobalIDString = 2BCFBF6324A0C5FF0048A753;
			remoteInfo = "beginner-ios-swift-storyboard";
		};
/* End PBXContainerItemProxy section */

/* Begin PBXFileReference section */
		2BCFBF6424A0C5FF0048A753 /* beginner-ios-swift-storyboard.app */ = {isa = PBXFileReference; explicitFileType = wrapper.application; includeInIndex = 0; path = "beginner-ios-swift-storyboard.app"; sourceTree = BUILT_PRODUCTS_DIR; };
		2BCFBF6724A0C5FF0048A753 /* AppDelegate.swift */ = {isa = PBXFileReference; lastKnownFileType = sourcecode.swift; path = AppDelegate.swift; sourceTree = "<group>"; };
		2BCFBF6924A0C5FF0048A753 /* SceneDelegate.swift */ = {isa = PBXFileReference; lastKnownFileType = sourcecode.swift; path = SceneDelegate.swift; sourceTree = "<group>"; };
		2BCFBF6B24A0C5FF0048A753 /* ViewController.swift */ = {isa = PBXFileReference; lastKnownFileType = sourcecode.swift; path = ViewController.swift; sourceTree = "<group>"; };
		2BCFBF6E24A0C5FF0048A753 /* Base */ = {isa = PBXFileReference; lastKnownFileType = file.storyboard; name = Base; path = Base.lproj/Main.storyboard; sourceTree = "<group>"; };
		2BCFBF7024A0C5FF0048A753 /* Assets.xcassets */ = {isa = PBXFileReference; lastKnownFileType = folder.assetcatalog; path = Assets.xcassets; sourceTree = "<group>"; };
		2BCFBF7324A0C5FF0048A753 /* Base */ = {isa = PBXFileReference; lastKnownFileType = file.storyboard; name = Base; path = Base.lproj/LaunchScreen.storyboard; sourceTree = "<group>"; };
		2BCFBF7524A0C5FF0048A753 /* Info.plist */ = {isa = PBXFileReference; lastKnownFileType = text.plist.xml; path = Info.plist; sourceTree = "<group>"; };
		2BCFBF7A24A0C5FF0048A753 /* beginner-ios-swift-storyboardTests.xctest */ = {isa = PBXFileReference; explicitFileType = wrapper.cfbundle; includeInIndex = 0; path = "beginner-ios-swift-storyboardTests.xctest"; sourceTree = BUILT_PRODUCTS_DIR; };
		2BCFBF7E24A0C5FF0048A753 /* beginner_ios_swift_storyboardTests.swift */ = {isa = PBXFileReference; lastKnownFileType = sourcecode.swift; path = beginner_ios_swift_storyboardTests.swift; sourceTree = "<group>"; };
		2BCFBF8024A0C5FF0048A753 /* Info.plist */ = {isa = PBXFileReference; lastKnownFileType = text.plist.xml; path = Info.plist; sourceTree = "<group>"; };
		2BCFBF8524A0C5FF0048A753 /* beginner-ios-swift-storyboardUITests.xctest */ = {isa = PBXFileReference; explicitFileType = wrapper.cfbundle; includeInIndex = 0; path = "beginner-ios-swift-storyboardUITests.xctest"; sourceTree = BUILT_PRODUCTS_DIR; };
		2BCFBF8924A0C5FF0048A753 /* beginner_ios_swift_storyboardUITests.swift */ = {isa = PBXFileReference; lastKnownFileType = sourcecode.swift; path = beginner_ios_swift_storyboardUITests.swift; sourceTree = "<group>"; };
		2BCFBF8B24A0C5FF0048A753 /* Info.plist */ = {isa = PBXFileReference; lastKnownFileType = text.plist.xml; path = Info.plist; sourceTree = "<group>"; };
/* End PBXFileReference section */

/* Begin PBXFrameworksBuildPhase section */
		2BCFBF6124A0C5FF0048A753 /* Frameworks */ = {
			isa = PBXFrameworksBuildPhase;
			buildActionMask = 2147483647;
			files = (
			);
			runOnlyForDeploymentPostprocessing = 0;
		};
		2BCFBF7724A0C5FF0048A753 /* Frameworks */ = {
			isa = PBXFrameworksBuildPhase;
			buildActionMask = 2147483647;
			files = (
			);
			runOnlyForDeploymentPostprocessing = 0;
		};
		2BCFBF8224A0C5FF0048A753 /* Frameworks */ = {
			isa = PBXFrameworksBuildPhase;
			buildActionMask = 2147483647;
			files = (
			);
			runOnlyForDeploymentPostprocessing = 0;
		};
/* End PBXFrameworksBuildPhase section */

/* Begin PBXGroup section */
		2BCFBF5B24A0C5FF0048A753 = {
			isa = PBXGroup;
			children = (
				2BCFBF6624A0C5FF0048A753 /* beginner-ios-swift-storyboard */,
				2BCFBF7D24A0C5FF0048A753 /* beginner-ios-swift-storyboardTests */,
				2BCFBF8824A0C5FF0048A753 /* beginner-ios-swift-storyboardUITests */,
				2BCFBF6524A0C5FF0048A753 /* Products */,
			);
			sourceTree = "<group>";
		};
		2BCFBF6524A0C5FF0048A753 /* Products */ = {
			isa = PBXGroup;
			children = (
				2BCFBF6424A0C5FF0048A753 /* beginner-ios-swift-storyboard.app */,
				2BCFBF7A24A0C5FF0048A753 /* beginner-ios-swift-storyboardTests.xctest */,
				2BCFBF8524A0C5FF0048A753 /* beginner-ios-swift-storyboardUITests.xctest */,
			);
			name = Products;
			sourceTree = "<group>";
		};
		2BCFBF6624A0C5FF0048A753 /* beginner-ios-swift-storyboard */ = {
			isa = PBXGroup;
			children = (
				2BCFBF6724A0C5FF0048A753 /* AppDelegate.swift */,
				2BCFBF6924A0C5FF0048A753 /* SceneDelegate.swift */,
				2BCFBF6B24A0C5FF0048A753 /* ViewController.swift */,
				2BCFBF6D24A0C5FF0048A753 /* Main.storyboard */,
				2BCFBF7024A0C5FF0048A753 /* Assets.xcassets */,
				2BCFBF7224A0C5FF0048A753 /* LaunchScreen.storyboard */,
				2BCFBF7524A0C5FF0048A753 /* Info.plist */,
			);
			path = "beginner-ios-swift-storyboard";
			sourceTree = "<group>";
		};
		2BCFBF7D24A0C5FF0048A753 /* beginner-ios-swift-storyboardTests */ = {
			isa = PBXGroup;
			children = (
				2BCFBF7E24A0C5FF0048A753 /* beginner_ios_swift_storyboardTests.swift */,
				2BCFBF8024A0C5FF0048A753 /* Info.plist */,
			);
			path = "beginner-ios-swift-storyboardTests";
			sourceTree = "<group>";
		};
		2BCFBF8824A0C5FF0048A753 /* beginner-ios-swift-storyboardUITests */ = {
			isa = PBXGroup;
			children = (
				2BCFBF8924A0C5FF0048A753 /* beginner_ios_swift_storyboardUITests.swift */,
				2BCFBF8B24A0C5FF0048A753 /* Info.plist */,
			);
			path = "beginner-ios-swift-storyboardUITests";
			sourceTree = "<group>";
		};
/* End PBXGroup section */

/* Begin PBXNativeTarget section */
		2BCFBF6324A0C5FF0048A753 /* beginner-ios-swift-storyboard */ = {
			isa = PBXNativeTarget;
			buildConfigurationList = 2BCFBF8E24A0C5FF0048A753 /* Build configuration list for PBXNativeTarget "beginner-ios-swift-storyboard" */;
			buildPhases = (
				2BCFBF6024A0C5FF0048A753 /* Sources */,
				2BCFBF6124A0C5FF0048A753 /* Frameworks */,
				2BCFBF6224A0C5FF0048A753 /* Resources */,
			);
			buildRules = (
			);
			dependencies = (
			);
			name = "beginner-ios-swift-storyboard";
			productName = "beginner-ios-swift-storyboard";
			productReference = 2BCFBF6424A0C5FF0048A753 /* beginner-ios-swift-storyboard.app */;
			productType = "com.apple.product-type.application";
		};
		2BCFBF7924A0C5FF0048A753 /* beginner-ios-swift-storyboardTests */ = {
			isa = PBXNativeTarget;
			buildConfigurationList = 2BCFBF9124A0C5FF0048A753 /* Build configuration list for PBXNativeTarget "beginner-ios-swift-storyboardTests" */;
			buildPhases = (
				2BCFBF7624A0C5FF0048A753 /* Sources */,
				2BCFBF7724A0C5FF0048A753 /* Frameworks */,
				2BCFBF7824A0C5FF0048A753 /* Resources */,
			);
			buildRules = (
			);
			dependencies = (
				2BCFBF7C24A0C5FF0048A753 /* PBXTargetDependency */,
			);
			name = "beginner-ios-swift-storyboardTests";
			productName = "beginner-ios-swift-storyboardTests";
			productReference = 2BCFBF7A24A0C5FF0048A753 /* beginner-ios-swift-storyboardTests.xctest */;
			productType = "com.apple.product-type.bundle.unit-test";
		};
		2BCFBF8424A0C5FF0048A753 /* beginner-ios-swift-storyboardUITests */ = {
			isa = PBXNativeTarget;
			buildConfigurationList = 2BCFBF9424A0C5FF0048A753 /* Build configuration list for PBXNativeTarget "beginner-ios-swift-storyboardUITests" */;
			buildPhases = (
				2BCFBF8124A0C5FF0048A753 /* Sources */,
				2BCFBF8224A0C5FF0048A753 /* Frameworks */,
				2BCFBF8324A0C5FF0048A753 /* Resources */,
			);
			buildRules = (
			);
			dependencies = (
				2BCFBF8724A0C5FF0048A753 /* PBXTargetDependency */,
			);
			name = "beginner-ios-swift-storyboardUITests";
			productName = "beginner-ios-swift-storyboardUITests";
			productReference = 2BCFBF8524A0C5FF0048A753 /* beginner-ios-swift-storyboardUITests.xctest */;
			productType = "com.apple.product-type.bundle.ui-testing";
		};
/* End PBXNativeTarget section */

/* Begin PBXProject section */
		2BCFBF5C24A0C5FF0048A753 /* Project object */ = {
			isa = PBXProject;
			attributes = {
				LastSwiftUpdateCheck = 1150;
				LastUpgradeCheck = 1150;
				ORGANIZATIONNAME = bytedance;
				TargetAttributes = {
					2BCFBF6324A0C5FF0048A753 = {
						CreatedOnToolsVersion = 11.5;
					};
					2BCFBF7924A0C5FF0048A753 = {
						CreatedOnToolsVersion = 11.5;
						TestTargetID = 2BCFBF6324A0C5FF0048A753;
					};
					2BCFBF8424A0C5FF0048A753 = {
						CreatedOnToolsVersion = 11.5;
						TestTargetID = 2BCFBF6324A0C5FF0048A753;
					};
				};
			};
			buildConfigurationList = 2BCFBF5F24A0C5FF0048A753 /* Build configuration list for PBXProject "beginner-ios-swift-storyboard" */;
			compatibilityVersion = "Xcode 9.3";
			developmentRegion = en;
			hasScannedForEncodings = 0;
			knownRegions = (
				en,
				Base,
			);
			mainGroup = 2BCFBF5B24A0C5FF0048A753;
			productRefGroup = 2BCFBF6524A0C5FF0048A753 /* Products */;
			projectDirPath = "";
			projectRoot = "";
			targets = (
				2BCFBF6324A0C5FF0048A753 /* beginner-ios-swift-storyboard */,
				2BCFBF7924A0C5FF0048A753 /* beginner-ios-swift-storyboardTests */,
				2BCFBF8424A0C5FF0048A753 /* beginner-ios-swift-storyboardUITests */,
			);
		};
/* End PBXProject section */

/* Begin PBXResourcesBuildPhase section */
		2BCFBF6224A0C5FF0048A753 /* Resources */ = {
			isa = PBXResourcesBuildPhase;
			buildActionMask = 2147483647;
			files = (
				2BCFBF7424A0C5FF0048A753 /* LaunchScreen.storyboard in Resources */,
				2BCFBF7124A0C5FF0048A753 /* Assets.xcassets in Resources */,
				2BCFBF6F24A0C5FF0048A753 /* Main.storyboard in Resources */,
			);
			runOnlyForDeploymentPostprocessing = 0;
		};
		2BCFBF7824A0C5FF0048A753 /* Resources */ = {
			isa = PBXResourcesBuildPhase;
			buildActionMask = 2147483647;
			files = (
			);
			runOnlyForDeploymentPostprocessing = 0;
		};
		2BCFBF8324A0C5FF0048A753 /* Resources */ = {
			isa = PBXResourcesBuildPhase;
			buildActionMask = 2147483647;
			files = (
			);
			runOnlyForDeploymentPostprocessing = 0;
		};
/* End PBXResourcesBuildPhase section */

/* Begin PBXSourcesBuildPhase section */
		2BCFBF6024A0C5FF0048A753 /* Sources */ = {
			isa = PBXSourcesBuildPhase;
			buildActionMask = 2147483647;
			files = (
				2BCFBF6C24A0C5FF0048A753 /* ViewController.swift in Sources */,
				2BCFBF6824A0C5FF0048A753 /* AppDelegate.swift in Sources */,
				2BCFBF6A24A0C5FF0048A753 /* SceneDelegate.swift in Sources */,
			);
			runOnlyForDeploymentPostprocessing = 0;
		};
		2BCFBF7624A0C5FF0048A753 /* Sources */ = {
			isa = PBXSourcesBuildPhase;
			buildActionMask = 2147483647;
			files = (
				2BCFBF7F24A0C5FF0048A753 /* beginner_ios_swift_storyboardTests.swift in Sources */,
			);
			runOnlyForDeploymentPostprocessing = 0;
		};
		2BCFBF8124A0C5FF0048A753 /* Sources */ = {
			isa = PBXSourcesBuildPhase;
			buildActionMask = 2147483647;
			files = (
				2BCFBF8A24A0C5FF0048A753 /* beginner_ios_swift_storyboardUITests.swift in Sources */,
			);
			runOnlyForDeploymentPostprocessing = 0;
		};
/* End PBXSourcesBuildPhase section */

/* Begin PBXTargetDependency section */
		2BCFBF7C24A0C5FF0048A753 /* PBXTargetDependency */ = {
			isa = PBXTargetDependency;
			target = 2BCFBF6324A0C5FF0048A753 /* beginner-ios-swift-storyboard */;
			targetProxy = 2BCFBF7B24A0C5FF0048A753 /* PBXContainerItemProxy */;
		};
		2BCFBF8724A0C5FF0048A753 /* PBXTargetDependency */ = {
			isa = PBXTargetDependency;
			target = 2BCFBF6324A0C5FF0048A753 /* beginner-ios-swift-storyboard */;
			targetProxy = 2BCFBF8624A0C5FF0048A753 /* PBXContainerItemProxy */;
		};
/* End PBXTargetDependency section */

/* Begin PBXVariantGroup section */
		2BCFBF6D24A0C5FF0048A753 /* Main.storyboard */ = {
			isa = PBXVariantGroup;
			children = (
				2BCFBF6E24A0C5FF0048A753 /* Base */,
			);
			name = Main.storyboard;
			sourceTree = "<group>";
		};
		2BCFBF7224A0C5FF0048A753 /* LaunchScreen.storyboard */ = {
			isa = PBXVariantGroup;
			children = (
				2BCFBF7324A0C5FF0048A753 /* Base */,
			);
			name = LaunchScreen.storyboard;
			sourceTree = "<group>";
		};
/* End PBXVariantGroup section */

/* Begin XCBuildConfiguration section */
		2BCFBF8C24A0C5FF0048A753 /* Debug */ = {
			isa = XCBuildConfiguration;
			buildSettings = {
				ALWAYS_SEARCH_USER_PATHS = NO;
				CLANG_ANALYZER_NONNULL = YES;
				CLANG_ANALYZER_NUMBER_OBJECT_CONVERSION = YES_AGGRESSIVE;
				CLANG_CXX_LANGUAGE_STANDARD = "gnu++14";
				CLANG_CXX_LIBRARY = "libc++";
				CLANG_ENABLE_MODULES = YES;
				CLANG_ENABLE_OBJC_ARC = YES;
				CLANG_ENABLE_OBJC_WEAK = YES;
				CLANG_WARN_BLOCK_CAPTURE_AUTORELEASING = YES;
				CLANG_WARN_BOOL_CONVERSION = YES;
				CLANG_WARN_COMMA = YES;
				CLANG_WARN_CONSTANT_CONVERSION = YES;
				CLANG_WARN_DEPRECATED_OBJC_IMPLEMENTATIONS = YES;
				CLANG_WARN_DIRECT_OBJC_ISA_USAGE = YES_ERROR;
				CLANG_WARN_DOCUMENTATION_COMMENTS = YES;
				CLANG_WARN_EMPTY_BODY = YES;
				CLANG_WARN_ENUM_CONVERSION = YES;
				CLANG_WARN_INFINITE_RECURSION = YES;
				CLANG_WARN_INT_CONVERSION = YES;
				CLANG_WARN_NON_LITERAL_NULL_CONVERSION = YES;
				CLANG_WARN_OBJC_IMPLICIT_RETAIN_SELF = YES;
				CLANG_WARN_OBJC_LITERAL_CONVERSION = YES;
				CLANG_WARN_OBJC_ROOT_CLASS = YES_ERROR;
				CLANG_WARN_RANGE_LOOP_ANALYSIS = YES;
				CLANG_WARN_STRICT_PROTOTYPES = YES;
				CLANG_WARN_SUSPICIOUS_MOVE = YES;
				CLANG_WARN_UNGUARDED_AVAILABILITY = YES_AGGRESSIVE;
				CLANG_WARN_UNREACHABLE_CODE = YES;
				CLANG_WARN__DUPLICATE_METHOD_MATCH = YES;
				COPY_PHASE_STRIP = NO;
				DEBUG_INFORMATION_FORMAT = dwarf;
				ENABLE_STRICT_OBJC_MSGSEND = YES;
				ENABLE_TESTABILITY = YES;
				GCC_C_LANGUAGE_STANDARD = gnu11;
				GCC_DYNAMIC_NO_PIC = NO;
				GCC_NO_COMMON_BLOCKS = YES;
				GCC_OPTIMIZATION_LEVEL = 0;
				GCC_PREPROCESSOR_DEFINITIONS = (
					"DEBUG=1",
					"$(inherited)",
				);
				GCC_WARN_64_TO_32_BIT_CONVERSION = YES;
				GCC_WARN_ABOUT_RETURN_TYPE = YES_ERROR;
				GCC_WARN_UNDECLARED_SELECTOR = YES;
				GCC_WARN_UNINITIALIZED_AUTOS = YES_AGGRESSIVE;
				GCC_WARN_UNUSED_FUNCTION = YES;
				GCC_WARN_UNUSED_VARIABLE = YES;
				IPHONEOS_DEPLOYMENT_TARGET = 13.5;
				MTL_ENABLE_DEBUG_INFO = INCLUDE_SOURCE;
				MTL_FAST_MATH = YES;
				ONLY_ACTIVE_ARCH = YES;
				SDKROOT = iphoneos;
				SWIFT_ACTIVE_COMPILATION_CONDITIONS = DEBUG;
				SWIFT_OPTIMIZATION_LEVEL = "-Onone";
			};
			name = Debug;
		};
		2BCFBF8D24A0C5FF0048A753 /* Release */ = {
			isa = XCBuildConfiguration;
			buildSettings = {
				ALWAYS_SEARCH_USER_PATHS = NO;
				CLANG_ANALYZER_NONNULL = YES;
				CLANG_ANALYZER_NUMBER_OBJECT_CONVERSION = YES_AGGRESSIVE;
				CLANG_CXX_LANGUAGE_STANDARD = "gnu++14";
				CLANG_CXX_LIBRARY = "libc++";
				CLANG_ENABLE_MODULES = YES;
				CLANG_ENABLE_OBJC_ARC = YES;
				CLANG_ENABLE_OBJC_WEAK = YES;
				CLANG_WARN_BLOCK_CAPTURE_AUTORELEASING = YES;
				CLANG_WARN_BOOL_CONVERSION = YES;
				CLANG_WARN_COMMA = YES;
				CLANG_WARN_CONSTANT_CONVERSION = YES;
				CLANG_WARN_DEPRECATED_OBJC_IMPLEMENTATIONS = YES;
				CLANG_WARN_DIRECT_OBJC_ISA_USAGE = YES_ERROR;
				CLANG_WARN_DOCUMENTATION_COMMENTS = YES;
				CLANG_WARN_EMPTY_BODY = YES;
				CLANG_WARN_ENUM_CONVERSION = YES;
				CLANG_WARN_INFINITE_RECURSION = YES;
				CLANG_WARN_INT_CONVERSION = YES;
				CLANG_WARN_NON_LITERAL_NULL_CONVERSION = YES;
				CLANG_WARN_OBJC_IMPLICIT_RETAIN_SELF = YES;
				CLANG_WARN_OBJC_LITERAL_CONVERSION = YES;
				CLANG_WARN_OBJC_ROOT_CLASS = YES_ERROR;
				CLANG_WARN_RANGE_LOOP_ANALYSIS = YES;
				CLANG_WARN_STRICT_PROTOTYPES = YES;
				CLANG_WARN_SUSPICIOUS_MOVE = YES;
				CLANG_WARN_UNGUARDED_AVAILABILITY = YES_AGGRESSIVE;
				CLANG_WARN_UNREACHABLE_CODE = YES;
				CLANG_WARN__DUPLICATE_METHOD_MATCH = YES;
				COPY_PHASE_STRIP = NO;
				DEBUG_INFORMATION_FORMAT = "dwarf-with-dsym";
				ENABLE_NS_ASSERTIONS = NO;
				ENABLE_STRICT_OBJC_MSGSEND = YES;
				GCC_C_LANGUAGE_STANDARD = gnu11;
				GCC_NO_COMMON_BLOCKS = YES;
				GCC_WARN_64_TO_32_BIT_CONVERSION = YES;
				GCC_WARN_ABOUT_RETURN_TYPE = YES_ERROR;
				GCC_WARN_UNDECLARED_SELECTOR = YES;
				GCC_WARN_UNINITIALIZED_AUTOS = YES_AGGRESSIVE;
				GCC_WARN_UNUSED_FUNCTION = YES;
				GCC_WARN_UNUSED_VARIABLE = YES;
				IPHONEOS_DEPLOYMENT_TARGET = 13.5;
				MTL_ENABLE_DEBUG_INFO = NO;
				MTL_FAST_MATH = YES;
				SDKROOT = iphoneos;
				SWIFT_COMPILATION_MODE = wholemodule;
				SWIFT_OPTIMIZATION_LEVEL = "-O";
				VALIDATE_PRODUCT = YES;
			};
			name = Release;
		};
		2BCFBF8F24A0C5FF0048A753 /* Debug */ = {
			isa = XCBuildConfiguration;
			buildSettings = {
				ASSETCATALOG_COMPILER_APPICON_NAME = AppIcon;
				CODE_SIGN_STYLE = Automatic;
				DEVELOPMENT_TEAM = Z62G8S4DP2;
				INFOPLIST_FILE = "beginner-ios-swift-storyboard/Info.plist";
				LD_RUNPATH_SEARCH_PATHS = (
					"$(inherited)",
					"@executable_path/Frameworks",
				);
				PRODUCT_BUNDLE_IDENTIFIER = "kamakura.yx.ios.beginner-ios-swift-storyboard";
				PRODUCT_NAME = "$(TARGET_NAME)";
				SWIFT_VERSION = 5.0;
				TARGETED_DEVICE_FAMILY = "1,2";
			};
			name = Debug;
		};
		2BCFBF9024A0C5FF0048A753 /* Release */ = {
			isa = XCBuildConfiguration;
			buildSettings = {
				ASSETCATALOG_COMPILER_APPICON_NAME = AppIcon;
				CODE_SIGN_STYLE = Automatic;
				DEVELOPMENT_TEAM = Z62G8S4DP2;
				INFOPLIST_FILE = "beginner-ios-swift-storyboard/Info.plist";
				LD_RUNPATH_SEARCH_PATHS = (
					"$(inherited)",
					"@executable_path/Frameworks",
				);
				PRODUCT_BUNDLE_IDENTIFIER = "kamakura.yx.ios.beginner-ios-swift-storyboard";
				PRODUCT_NAME = "$(TARGET_NAME)";
				SWIFT_VERSION = 5.0;
				TARGETED_DEVICE_FAMILY = "1,2";
			};
			name = Release;
		};
		2BCFBF9224A0C5FF0048A753 /* Debug */ = {
			isa = XCBuildConfiguration;
			buildSettings = {
				ALWAYS_EMBED_SWIFT_STANDARD_LIBRARIES = YES;
				BUNDLE_LOADER = "$(TEST_HOST)";
				CODE_SIGN_STYLE = Automatic;
				DEVELOPMENT_TEAM = Z62G8S4DP2;
				INFOPLIST_FILE = "beginner-ios-swift-storyboardTests/Info.plist";
				IPHONEOS_DEPLOYMENT_TARGET = 13.5;
				LD_RUNPATH_SEARCH_PATHS = (
					"$(inherited)",
					"@executable_path/Frameworks",
					"@loader_path/Frameworks",
				);
				PRODUCT_BUNDLE_IDENTIFIER = "kamakura.yx.ios.beginner-ios-swift-storyboardTests";
				PRODUCT_NAME = "$(TARGET_NAME)";
				SWIFT_VERSION = 5.0;
				TARGETED_DEVICE_FAMILY = "1,2";
				TEST_HOST = "$(BUILT_PRODUCTS_DIR)/beginner-ios-swift-storyboard.app/beginner-ios-swift-storyboard";
			};
			name = Debug;
		};
		2BCFBF9324A0C5FF0048A753 /* Release */ = {
			isa = XCBuildConfiguration;
			buildSettings = {
				ALWAYS_EMBED_SWIFT_STANDARD_LIBRARIES = YES;
				BUNDLE_LOADER = "$(TEST_HOST)";
				CODE_SIGN_STYLE = Automatic;
				DEVELOPMENT_TEAM = Z62G8S4DP2;
				INFOPLIST_FILE = "beginner-ios-swift-storyboardTests/Info.plist";
				IPHONEOS_DEPLOYMENT_TARGET = 13.5;
				LD_RUNPATH_SEARCH_PATHS = (
					"$(inherited)",
					"@executable_path/Frameworks",
					"@loader_path/Frameworks",
				);
				PRODUCT_BUNDLE_IDENTIFIER = "kamakura.yx.ios.beginner-ios-swift-storyboardTests";
				PRODUCT_NAME = "$(TARGET_NAME)";
				SWIFT_VERSION = 5.0;
				TARGETED_DEVICE_FAMILY = "1,2";
				TEST_HOST = "$(BUILT_PRODUCTS_DIR)/beginner-ios-swift-storyboard.app/beginner-ios-swift-storyboard";
			};
			name = Release;
		};
		2BCFBF9524A0C5FF0048A753 /* Debug */ = {
			isa = XCBuildConfiguration;
			buildSettings = {
				ALWAYS_EMBED_SWIFT_STANDARD_LIBRARIES = YES;
				CODE_SIGN_STYLE = Automatic;
				DEVELOPMENT_TEAM = Z62G8S4DP2;
				INFOPLIST_FILE = "beginner-ios-swift-storyboardUITests/Info.plist";
				LD_RUNPATH_SEARCH_PATHS = (
					"$(inherited)",
					"@executable_path/Frameworks",
					"@loader_path/Frameworks",
				);
				PRODUCT_BUNDLE_IDENTIFIER = "kamakura.yx.ios.beginner-ios-swift-storyboardUITests";
				PRODUCT_NAME = "$(TARGET_NAME)";
				SWIFT_VERSION = 5.0;
				TARGETED_DEVICE_FAMILY = "1,2";
				TEST_TARGET_NAME = "beginner-ios-swift-storyboard";
			};
			name = Debug;
		};
		2BCFBF9624A0C5FF0048A753 /* Release */ = {
			isa = XCBuildConfiguration;
			buildSettings = {
				ALWAYS_EMBED_SWIFT_STANDARD_LIBRARIES = YES;
				CODE_SIGN_STYLE = Automatic;
				DEVELOPMENT_TEAM = Z62G8S4DP2;
				INFOPLIST_FILE = "beginner-ios-swift-storyboardUITests/Info.plist";
				LD_RUNPATH_SEARCH_PATHS = (
					"$(inherited)",
					"@executable_path/Frameworks",
					"@loader_path/Frameworks",
				);
				PRODUCT_BUNDLE_IDENTIFIER = "kamakura.yx.ios.beginner-ios-swift-storyboardUITests";
				PRODUCT_NAME = "$(TARGET_NAME)";
				SWIFT_VERSION = 5.0;
				TARGETED_DEVICE_FAMILY = "1,2";
				TEST_TARGET_NAME = "beginner-ios-swift-storyboard";
			};
			name = Release;
		};
/* End XCBuildConfiguration section */

/* Begin XCConfigurationList section */
		2BCFBF5F24A0C5FF0048A753 /* Build configuration list for PBXProject "beginner-ios-swift-storyboard" */ = {
			isa = XCConfigurationList;
			buildConfigurations = (
				2BCFBF8C24A0C5FF0048A753 /* Debug */,
				2BCFBF8D24A0C5FF0048A753 /* Release */,
			);
			defaultConfigurationIsVisible = 0;
			defaultConfigurationName = Release;
		};
		2BCFBF8E24A0C5FF0048A753 /* Build configuration list for PBXNativeTarget "beginner-ios-swift-storyboard" */ = {
			isa = XCConfigurationList;
			buildConfigurations = (
				2BCFBF8F24A0C5FF0048A753 /* Debug */,
				2BCFBF9024A0C5FF0048A753 /* Release */,
			);
			defaultConfigurationIsVisible = 0;
			defaultConfigurationName = Release;
		};
		2BCFBF9124A0C5FF0048A753 /* Build configuration list for PBXNativeTarget "beginner-ios-swift-storyboardTests" */ = {
			isa = XCConfigurationList;
			buildConfigurations = (
				2BCFBF9224A0C5FF0048A753 /* Debug */,
				2BCFBF9324A0C5FF0048A753 /* Release */,
			);
			defaultConfigurationIsVisible = 0;
			defaultConfigurationName = Release;
		};
		2BCFBF9424A0C5FF0048A753 /* Build configuration list for PBXNativeTarget "beginner-ios-swift-storyboardUITests" */ = {
			isa = XCConfigurationList;
			buildConfigurations = (
				2BCFBF9524A0C5FF0048A753 /* Debug */,
				2BCFBF9624A0C5FF0048A753 /* Release */,
			);
			defaultConfigurationIsVisible = 0;
			defaultConfigurationName = Release;
		};
/* End XCConfigurationList section */
	};
	rootObject = 2BCFBF5C24A0C5FF0048A753 /* Project object */;
}
